
Microsoft Visual Studio Solution File, Format Version 11.00
# Visual Studio 2010
Project("{FAE04EC0-301F-11D3-BF4B-00C04F79EFBC}") = "TankGameNetworkAndSound", "TankGameNetworkAndSound\TankGameNetworkAndSound\TankGameNetworkAndSound.csproj", "{D990EC32-BCAF-4FC5-8BA5-42126E884625}"
EndProject
Project("{96E2B04D-8817-42C6-938A-82C39BA4D311}") = "TankGameNetworkAndSoundContent", "TankGameNetworkAndSound\TankGameNetworkAndSoundContent\TankGameNetworkAndSoundContent.contentproj", "{5288181E-F7B7-4064-8386-87E574F89664}"
EndProject
Global
	GlobalSection(SolutionConfigurationPlatforms) = preSolution
		Debug|x86 = Debug|x86
		Release|x86 = Release|x86
	EndGlobalSection
	GlobalSection(ProjectConfigurationPlatforms) = postSolution
		{D990EC32-BCAF-4FC5-8BA5-42126E884625}.Debug|x86.ActiveCfg = Debug|x86
		{D990EC32-BCAF-4FC5-8BA5-42126E884625}.Debug|x86.Build.0 = Debug|x86
		{D990EC32-BCAF-4FC5-8BA5-42126E884625}.Release|x86.ActiveCfg = Release|x86
		{D990EC32-BCAF-4FC5-8BA5-42126E884625}.Release|x86.Build.0 = Release|x86
		{5288181E-F7B7-4064-8386-87E574F89664}.Debug|x86.ActiveCfg = Debug|x86
		{5288181E-F7B7-4064-8386-87E574F89664}.Release|x86.ActiveCfg = Release|x86
	EndGlobalSection
	GlobalSection(SolutionProperties) = preSolution
		HideSolutionNode = FALSE
	EndGlobalSection
EndGlobal
